
Microsoft Visual Studio Solution File, Format Version 12.00
# Visual Studio Version 16
VisualStudioVersion = 16.0.31624.102
MinimumVisualStudioVersion = 10.0.40219.1
Project("{FAE04EC0-301F-11D3-BF4B-00C04F79EFBC}") = "Reflexion", "Reflexion.csproj", "{09AFA7D4-C970-4BB1-9C90-D4E06DED3401}"
EndProject
Global
	GlobalSection(SolutionConfigurationPlatforms) = preSolution
		Debug|Any CPU = Debug|Any CPU
		Release|Any CPU = Release|Any CPU
	EndGlobalSection
	GlobalSection(ProjectConfigurationPlatforms) = postSolution
		{09AFA7D4-C970-4BB1-9C90-D4E06DED3401}.Debug|Any CPU.ActiveCfg = Debug|Any CPU
		{09AFA7D4-C970-4BB1-9C90-D4E06DED3401}.Debug|Any CPU.Build.0 = Debug|Any CPU
		{09AFA7D4-C970-4BB1-9C90-D4E06DED3401}.Release|Any CPU.ActiveCfg = Release|Any CPU
		{09AFA7D4-C970-4BB1-9C90-D4E06DED3401}.Release|Any CPU.Build.0 = Release|Any CPU
	EndGlobalSection
	GlobalSection(SolutionProperties) = preSolution
		HideSolutionNode = FALSE
	EndGlobalSection
	GlobalSection(ExtensibilityGlobals) = postSolution
		SolutionGuid = {5EC0A74D-383B-4487-9F0F-E245DC4C8B7C}
	EndGlobalSection
EndGlobal
